// !$*UTF8*$!
{
	archiveVersion = 1;
	classes = {
	};
	objectVersion = 48;
	objects = {

/* Begin PBXBuildFile section */
		7AD592C36855B766ED7C0BAA /* Pods_DnDerUITests.framework in Frameworks */ = {isa = PBXBuildFile; fileRef = 3E15A33250FA2C817B31FAC8 /* Pods_DnDerUITests.framework */; };
		801E0A3D1F96A917003B7DA1 /* AppDelegate.swift in Sources */ = {isa = PBXBuildFile; fileRef = 801E0A3C1F96A917003B7DA1 /* AppDelegate.swift */; };
		801E0A3F1F96A917003B7DA1 /* ViewController.swift in Sources */ = {isa = PBXBuildFile; fileRef = 801E0A3E1F96A917003B7DA1 /* ViewController.swift */; };
		801E0A421F96A917003B7DA1 /* Main.storyboard in Resources */ = {isa = PBXBuildFile; fileRef = 801E0A401F96A917003B7DA1 /* Main.storyboard */; };
		801E0A441F96A917003B7DA1 /* Assets.xcassets in Resources */ = {isa = PBXBuildFile; fileRef = 801E0A431F96A917003B7DA1 /* Assets.xcassets */; };
		801E0A471F96A917003B7DA1 /* LaunchScreen.storyboard in Resources */ = {isa = PBXBuildFile; fileRef = 801E0A451F96A917003B7DA1 /* LaunchScreen.storyboard */; };
		801E0A521F96A917003B7DA1 /* DnDerTests.swift in Sources */ = {isa = PBXBuildFile; fileRef = 801E0A511F96A917003B7DA1 /* DnDerTests.swift */; };
		801E0A5D1F96A917003B7DA1 /* DnDerUITests.swift in Sources */ = {isa = PBXBuildFile; fileRef = 801E0A5C1F96A917003B7DA1 /* DnDerUITests.swift */; };
		AAC75B4E607DF34E720D484E /* Pods_DnDerTests.framework in Frameworks */ = {isa = PBXBuildFile; fileRef = 6D8621E6448FF193CBE5D077 /* Pods_DnDerTests.framework */; };
		FDAD9251E4ED7D67114FCEB2 /* Pods_DnDer.framework in Frameworks */ = {isa = PBXBuildFile; fileRef = C1509ECF66F4622D3F86F510 /* Pods_DnDer.framework */; };
/* End PBXBuildFile section */

/* Begin PBXContainerItemProxy section */
		801E0A4E1F96A917003B7DA1 /* PBXContainerItemProxy */ = {
			isa = PBXContainerItemProxy;
			containerPortal = 801E0A311F96A917003B7DA1 /* Project object */;
			proxyType = 1;
			remoteGlobalIDString = 801E0A381F96A917003B7DA1;
			remoteInfo = DnDer;
		};
		801E0A591F96A917003B7DA1 /* PBXContainerItemProxy */ = {
			isa = PBXContainerItemProxy;
			containerPortal = 801E0A311F96A917003B7DA1 /* Project object */;
			proxyType = 1;
			remoteGlobalIDString = 801E0A381F96A917003B7DA1;
			remoteInfo = DnDer;
		};
/* End PBXContainerItemProxy section */

/* Begin PBXFileReference section */
		0A8F740D69026B180602BB00 /* Pods-DnDerTests.release.xcconfig */ = {isa = PBXFileReference; includeInIndex = 1; lastKnownFileType = text.xcconfig; name = "Pods-DnDerTests.release.xcconfig"; path = "Pods/Target Support Files/Pods-DnDerTests/Pods-DnDerTests.release.xcconfig"; sourceTree = "<group>"; };
		3E15A33250FA2C817B31FAC8 /* Pods_DnDerUITests.framework */ = {isa = PBXFileReference; explicitFileType = wrapper.framework; includeInIndex = 0; path = Pods_DnDerUITests.framework; sourceTree = BUILT_PRODUCTS_DIR; };
		4DF59A832CEF7AB9B132B396 /* Pods-DnDerUITests.debug.xcconfig */ = {isa = PBXFileReference; includeInIndex = 1; lastKnownFileType = text.xcconfig; name = "Pods-DnDerUITests.debug.xcconfig"; path = "Pods/Target Support Files/Pods-DnDerUITests/Pods-DnDerUITests.debug.xcconfig"; sourceTree = "<group>"; };
		5A8664E5FB9E653135CFDCB0 /* Pods-DnDer.release.xcconfig */ = {isa = PBXFileReference; includeInIndex = 1; lastKnownFileType = text.xcconfig; name = "Pods-DnDer.release.xcconfig"; path = "Pods/Target Support Files/Pods-DnDer/Pods-DnDer.release.xcconfig"; sourceTree = "<group>"; };
		5B9535766554AA642978FD40 /* Pods-DnDerTests.debug.xcconfig */ = {isa = PBXFileReference; includeInIndex = 1; lastKnownFileType = text.xcconfig; name = "Pods-DnDerTests.debug.xcconfig"; path = "Pods/Target Support Files/Pods-DnDerTests/Pods-DnDerTests.debug.xcconfig"; sourceTree = "<group>"; };
		6D8621E6448FF193CBE5D077 /* Pods_DnDerTests.framework */ = {isa = PBXFileReference; explicitFileType = wrapper.framework; includeInIndex = 0; path = Pods_DnDerTests.framework; sourceTree = BUILT_PRODUCTS_DIR; };
		801E0A391F96A917003B7DA1 /* DnDer.app */ = {isa = PBXFileReference; explicitFileType = wrapper.application; includeInIndex = 0; path = DnDer.app; sourceTree = BUILT_PRODUCTS_DIR; };
		801E0A3C1F96A917003B7DA1 /* AppDelegate.swift */ = {isa = PBXFileReference; lastKnownFileType = sourcecode.swift; path = AppDelegate.swift; sourceTree = "<group>"; };
		801E0A3E1F96A917003B7DA1 /* ViewController.swift */ = {isa = PBXFileReference; lastKnownFileType = sourcecode.swift; path = ViewController.swift; sourceTree = "<group>"; };
		801E0A411F96A917003B7DA1 /* Base */ = {isa = PBXFileReference; lastKnownFileType = file.storyboard; name = Base; path = Base.lproj/Main.storyboard; sourceTree = "<group>"; };
		801E0A431F96A917003B7DA1 /* Assets.xcassets */ = {isa = PBXFileReference; lastKnownFileType = folder.assetcatalog; path = Assets.xcassets; sourceTree = "<group>"; };
		801E0A461F96A917003B7DA1 /* Base */ = {isa = PBXFileReference; lastKnownFileType = file.storyboard; name = Base; path = Base.lproj/LaunchScreen.storyboard; sourceTree = "<group>"; };
		801E0A481F96A917003B7DA1 /* Info.plist */ = {isa = PBXFileReference; lastKnownFileType = text.plist.xml; path = Info.plist; sourceTree = "<group>"; };
		801E0A4D1F96A917003B7DA1 /* DnDerTests.xctest */ = {isa = PBXFileReference; explicitFileType = wrapper.cfbundle; includeInIndex = 0; path = DnDerTests.xctest; sourceTree = BUILT_PRODUCTS_DIR; };
		801E0A511F96A917003B7DA1 /* DnDerTests.swift */ = {isa = PBXFileReference; lastKnownFileType = sourcecode.swift; path = DnDerTests.swift; sourceTree = "<group>"; };
		801E0A531F96A917003B7DA1 /* Info.plist */ = {isa = PBXFileReference; lastKnownFileType = text.plist.xml; path = Info.plist; sourceTree = "<group>"; };
		801E0A581F96A917003B7DA1 /* DnDerUITests.xctest */ = {isa = PBXFileReference; explicitFileType = wrapper.cfbundle; includeInIndex = 0; path = DnDerUITests.xctest; sourceTree = BUILT_PRODUCTS_DIR; };
		801E0A5C1F96A917003B7DA1 /* DnDerUITests.swift */ = {isa = PBXFileReference; lastKnownFileType = sourcecode.swift; path = DnDerUITests.swift; sourceTree = "<group>"; };
		801E0A5E1F96A917003B7DA1 /* Info.plist */ = {isa = PBXFileReference; lastKnownFileType = text.plist.xml; path = Info.plist; sourceTree = "<group>"; };
		83C874392E8C202DFC687E4A /* Pods-DnDerUITests.release.xcconfig */ = {isa = PBXFileReference; includeInIndex = 1; lastKnownFileType = text.xcconfig; name = "Pods-DnDerUITests.release.xcconfig"; path = "Pods/Target Support Files/Pods-DnDerUITests/Pods-DnDerUITests.release.xcconfig"; sourceTree = "<group>"; };
		C1509ECF66F4622D3F86F510 /* Pods_DnDer.framework */ = {isa = PBXFileReference; explicitFileType = wrapper.framework; includeInIndex = 0; path = Pods_DnDer.framework; sourceTree = BUILT_PRODUCTS_DIR; };
		F06B0B0FB439B0AA199DDD19 /* Pods-DnDer.debug.xcconfig */ = {isa = PBXFileReference; includeInIndex = 1; lastKnownFileType = text.xcconfig; name = "Pods-DnDer.debug.xcconfig"; path = "Pods/Target Support Files/Pods-DnDer/Pods-DnDer.debug.xcconfig"; sourceTree = "<group>"; };
/* End PBXFileReference section */

/* Begin PBXFrameworksBuildPhase section */
		801E0A361F96A917003B7DA1 /* Frameworks */ = {
			isa = PBXFrameworksBuildPhase;
			buildActionMask = 2147483647;
			files = (
				FDAD9251E4ED7D67114FCEB2 /* Pods_DnDer.framework in Frameworks */,
			);
			runOnlyForDeploymentPostprocessing = 0;
		};
		801E0A4A1F96A917003B7DA1 /* Frameworks */ = {
			isa = PBXFrameworksBuildPhase;
			buildActionMask = 2147483647;
			files = (
				AAC75B4E607DF34E720D484E /* Pods_DnDerTests.framework in Frameworks */,
			);
			runOnlyForDeploymentPostprocessing = 0;
		};
		801E0A551F96A917003B7DA1 /* Frameworks */ = {
			isa = PBXFrameworksBuildPhase;
			buildActionMask = 2147483647;
			files = (
				7AD592C36855B766ED7C0BAA /* Pods_DnDerUITests.framework in Frameworks */,
			);
			runOnlyForDeploymentPostprocessing = 0;
		};
/* End PBXFrameworksBuildPhase section */

/* Begin PBXGroup section */
		2DD0099F1B851E54B0CF63C8 /* Frameworks */ = {
			isa = PBXGroup;
			children = (
				C1509ECF66F4622D3F86F510 /* Pods_DnDer.framework */,
				6D8621E6448FF193CBE5D077 /* Pods_DnDerTests.framework */,
				3E15A33250FA2C817B31FAC8 /* Pods_DnDerUITests.framework */,
			);
			name = Frameworks;
			sourceTree = "<group>";
		};
		801E0A301F96A917003B7DA1 = {
			isa = PBXGroup;
			children = (
				801E0A3B1F96A917003B7DA1 /* DnDer */,
				801E0A501F96A917003B7DA1 /* DnDerTests */,
				801E0A5B1F96A917003B7DA1 /* DnDerUITests */,
				801E0A3A1F96A917003B7DA1 /* Products */,
				94EB9DE5ED86327ED827D726 /* Pods */,
				2DD0099F1B851E54B0CF63C8 /* Frameworks */,
			);
			sourceTree = "<group>";
		};
		801E0A3A1F96A917003B7DA1 /* Products */ = {
			isa = PBXGroup;
			children = (
				801E0A391F96A917003B7DA1 /* DnDer.app */,
				801E0A4D1F96A917003B7DA1 /* DnDerTests.xctest */,
				801E0A581F96A917003B7DA1 /* DnDerUITests.xctest */,
			);
			name = Products;
			sourceTree = "<group>";
		};
		801E0A3B1F96A917003B7DA1 /* DnDer */ = {
			isa = PBXGroup;
			children = (
				801E0A3C1F96A917003B7DA1 /* AppDelegate.swift */,
				801E0A3E1F96A917003B7DA1 /* ViewController.swift */,
				801E0A401F96A917003B7DA1 /* Main.storyboard */,
				801E0A431F96A917003B7DA1 /* Assets.xcassets */,
				801E0A451F96A917003B7DA1 /* LaunchScreen.storyboard */,
				801E0A481F96A917003B7DA1 /* Info.plist */,
			);
			path = DnDer;
			sourceTree = "<group>";
		};
		801E0A501F96A917003B7DA1 /* DnDerTests */ = {
			isa = PBXGroup;
			children = (
				801E0A511F96A917003B7DA1 /* DnDerTests.swift */,
				801E0A531F96A917003B7DA1 /* Info.plist */,
			);
			path = DnDerTests;
			sourceTree = "<group>";
		};
		801E0A5B1F96A917003B7DA1 /* DnDerUITests */ = {
			isa = PBXGroup;
			children = (
				801E0A5C1F96A917003B7DA1 /* DnDerUITests.swift */,
				801E0A5E1F96A917003B7DA1 /* Info.plist */,
			);
			path = DnDerUITests;
			sourceTree = "<group>";
		};
		94EB9DE5ED86327ED827D726 /* Pods */ = {
			isa = PBXGroup;
			children = (
				F06B0B0FB439B0AA199DDD19 /* Pods-DnDer.debug.xcconfig */,
				5A8664E5FB9E653135CFDCB0 /* Pods-DnDer.release.xcconfig */,
				5B9535766554AA642978FD40 /* Pods-DnDerTests.debug.xcconfig */,
				0A8F740D69026B180602BB00 /* Pods-DnDerTests.release.xcconfig */,
				4DF59A832CEF7AB9B132B396 /* Pods-DnDerUITests.debug.xcconfig */,
				83C874392E8C202DFC687E4A /* Pods-DnDerUITests.release.xcconfig */,
			);
			name = Pods;
			sourceTree = "<group>";
		};
/* End PBXGroup section */

/* Begin PBXNativeTarget section */
		801E0A381F96A917003B7DA1 /* DnDer */ = {
			isa = PBXNativeTarget;
			buildConfigurationList = 801E0A611F96A917003B7DA1 /* Build configuration list for PBXNativeTarget "DnDer" */;
			buildPhases = (
				2EDCFA593DB423F065022354 /* [CP] Check Pods Manifest.lock */,
				801E0A351F96A917003B7DA1 /* Sources */,
				801E0A361F96A917003B7DA1 /* Frameworks */,
				801E0A371F96A917003B7DA1 /* Resources */,
				919C92A0F5D945E3850A4E83 /* [CP] Embed Pods Frameworks */,
				FFA686153F2F099344F52D99 /* [CP] Copy Pods Resources */,
			);
			buildRules = (
			);
			dependencies = (
			);
			name = DnDer;
			productName = DnDer;
			productReference = 801E0A391F96A917003B7DA1 /* DnDer.app */;
			productType = "com.apple.product-type.application";
		};
		801E0A4C1F96A917003B7DA1 /* DnDerTests */ = {
			isa = PBXNativeTarget;
			buildConfigurationList = 801E0A641F96A917003B7DA1 /* Build configuration list for PBXNativeTarget "DnDerTests" */;
			buildPhases = (
				275BB6E96928A8B8B2004796 /* [CP] Check Pods Manifest.lock */,
				801E0A491F96A917003B7DA1 /* Sources */,
				801E0A4A1F96A917003B7DA1 /* Frameworks */,
				801E0A4B1F96A917003B7DA1 /* Resources */,
				DCF3A90F7312FC1F631FBE1F /* [CP] Embed Pods Frameworks */,
				7D138ABA35DDDA1DE55277A0 /* [CP] Copy Pods Resources */,
			);
			buildRules = (
			);
			dependencies = (
				801E0A4F1F96A917003B7DA1 /* PBXTargetDependency */,
			);
			name = DnDerTests;
			productName = DnDerTests;
			productReference = 801E0A4D1F96A917003B7DA1 /* DnDerTests.xctest */;
			productType = "com.apple.product-type.bundle.unit-test";
		};
		801E0A571F96A917003B7DA1 /* DnDerUITests */ = {
			isa = PBXNativeTarget;
			buildConfigurationList = 801E0A671F96A917003B7DA1 /* Build configuration list for PBXNativeTarget "DnDerUITests" */;
			buildPhases = (
				205F5FBE4E634B49742B2EC9 /* [CP] Check Pods Manifest.lock */,
				801E0A541F96A917003B7DA1 /* Sources */,
				801E0A551F96A917003B7DA1 /* Frameworks */,
				801E0A561F96A917003B7DA1 /* Resources */,
				0CCF741063E821DCCAA69E16 /* [CP] Embed Pods Frameworks */,
				0E6191E341D37E1D8F79ED58 /* [CP] Copy Pods Resources */,
			);
			buildRules = (
			);
			dependencies = (
				801E0A5A1F96A917003B7DA1 /* PBXTargetDependency */,
			);
			name = DnDerUITests;
			productName = DnDerUITests;
			productReference = 801E0A581F96A917003B7DA1 /* DnDerUITests.xctest */;
			productType = "com.apple.product-type.bundle.ui-testing";
		};
/* End PBXNativeTarget section */

/* Begin PBXProject section */
		801E0A311F96A917003B7DA1 /* Project object */ = {
			isa = PBXProject;
			attributes = {
				LastSwiftUpdateCheck = 0900;
				LastUpgradeCheck = 0900;
				ORGANIZATIONNAME = UDig;
				TargetAttributes = {
					801E0A381F96A917003B7DA1 = {
						CreatedOnToolsVersion = 9.0;
						ProvisioningStyle = Automatic;
					};
					801E0A4C1F96A917003B7DA1 = {
						CreatedOnToolsVersion = 9.0;
						ProvisioningStyle = Automatic;
						TestTargetID = 801E0A381F96A917003B7DA1;
					};
					801E0A571F96A917003B7DA1 = {
						CreatedOnToolsVersion = 9.0;
						ProvisioningStyle = Automatic;
						TestTargetID = 801E0A381F96A917003B7DA1;
					};
				};
			};
			buildConfigurationList = 801E0A341F96A917003B7DA1 /* Build configuration list for PBXProject "DnDer" */;
			compatibilityVersion = "Xcode 8.0";
			developmentRegion = en;
			hasScannedForEncodings = 0;
			knownRegions = (
				en,
				Base,
			);
			mainGroup = 801E0A301F96A917003B7DA1;
			productRefGroup = 801E0A3A1F96A917003B7DA1 /* Products */;
			projectDirPath = "";
			projectRoot = "";
			targets = (
				801E0A381F96A917003B7DA1 /* DnDer */,
				801E0A4C1F96A917003B7DA1 /* DnDerTests */,
				801E0A571F96A917003B7DA1 /* DnDerUITests */,
			);
		};
/* End PBXProject section */

/* Begin PBXResourcesBuildPhase section */
		801E0A371F96A917003B7DA1 /* Resources */ = {
			isa = PBXResourcesBuildPhase;
			buildActionMask = 2147483647;
			files = (
				801E0A471F96A917003B7DA1 /* LaunchScreen.storyboard in Resources */,
				801E0A441F96A917003B7DA1 /* Assets.xcassets in Resources */,
				801E0A421F96A917003B7DA1 /* Main.storyboard in Resources */,
			);
			runOnlyForDeploymentPostprocessing = 0;
		};
		801E0A4B1F96A917003B7DA1 /* Resources */ = {
			isa = PBXResourcesBuildPhase;
			buildActionMask = 2147483647;
			files = (
			);
			runOnlyForDeploymentPostprocessing = 0;
		};
		801E0A561F96A917003B7DA1 /* Resources */ = {
			isa = PBXResourcesBuildPhase;
			buildActionMask = 2147483647;
			files = (
			);
			runOnlyForDeploymentPostprocessing = 0;
		};
/* End PBXResourcesBuildPhase section */

/* Begin PBXShellScriptBuildPhase section */
		0CCF741063E821DCCAA69E16 /* [CP] Embed Pods Frameworks */ = {
			isa = PBXShellScriptBuildPhase;
			buildActionMask = 2147483647;
			files = (
			);
			inputPaths = (
			);
			name = "[CP] Embed Pods Frameworks";
			outputPaths = (
			);
			runOnlyForDeploymentPostprocessing = 0;
			shellPath = /bin/sh;
			shellScript = "\"${SRCROOT}/Pods/Target Support Files/Pods-DnDerUITests/Pods-DnDerUITests-frameworks.sh\"\n";
			showEnvVarsInLog = 0;
		};
		0E6191E341D37E1D8F79ED58 /* [CP] Copy Pods Resources */ = {
			isa = PBXShellScriptBuildPhase;
			buildActionMask = 2147483647;
			files = (
			);
			inputPaths = (
			);
			name = "[CP] Copy Pods Resources";
			outputPaths = (
			);
			runOnlyForDeploymentPostprocessing = 0;
			shellPath = /bin/sh;
			shellScript = "\"${SRCROOT}/Pods/Target Support Files/Pods-DnDerUITests/Pods-DnDerUITests-resources.sh\"\n";
			showEnvVarsInLog = 0;
		};
		205F5FBE4E634B49742B2EC9 /* [CP] Check Pods Manifest.lock */ = {
			isa = PBXShellScriptBuildPhase;
			buildActionMask = 2147483647;
			files = (
			);
			inputPaths = (
			);
			name = "[CP] Check Pods Manifest.lock";
			outputPaths = (
			);
			runOnlyForDeploymentPostprocessing = 0;
			shellPath = /bin/sh;
			shellScript = "diff \"${PODS_PODFILE_DIR_PATH}/Podfile.lock\" \"${PODS_ROOT}/Manifest.lock\" > /dev/null\nif [ $? != 0 ] ; then\n    # print error to STDERR\n    echo \"error: The sandbox is not in sync with the Podfile.lock. Run 'pod install' or update your CocoaPods installation.\" >&2\n    exit 1\nfi\n";
			showEnvVarsInLog = 0;
		};
		275BB6E96928A8B8B2004796 /* [CP] Check Pods Manifest.lock */ = {
			isa = PBXShellScriptBuildPhase;
			buildActionMask = 2147483647;
			files = (
			);
			inputPaths = (
			);
			name = "[CP] Check Pods Manifest.lock";
			outputPaths = (
			);
			runOnlyForDeploymentPostprocessing = 0;
			shellPath = /bin/sh;
			shellScript = "diff \"${PODS_PODFILE_DIR_PATH}/Podfile.lock\" \"${PODS_ROOT}/Manifest.lock\" > /dev/null\nif [ $? != 0 ] ; then\n    # print error to STDERR\n    echo \"error: The sandbox is not in sync with the Podfile.lock. Run 'pod install' or update your CocoaPods installation.\" >&2\n    exit 1\nfi\n";
			showEnvVarsInLog = 0;
		};
		2EDCFA593DB423F065022354 /* [CP] Check Pods Manifest.lock */ = {
			isa = PBXShellScriptBuildPhase;
			buildActionMask = 2147483647;
			files = (
			);
			inputPaths = (
			);
			name = "[CP] Check Pods Manifest.lock";
			outputPaths = (
			);
			runOnlyForDeploymentPostprocessing = 0;
			shellPath = /bin/sh;
			shellScript = "diff \"${PODS_PODFILE_DIR_PATH}/Podfile.lock\" \"${PODS_ROOT}/Manifest.lock\" > /dev/null\nif [ $? != 0 ] ; then\n    # print error to STDERR\n    echo \"error: The sandbox is not in sync with the Podfile.lock. Run 'pod install' or update your CocoaPods installation.\" >&2\n    exit 1\nfi\n";
			showEnvVarsInLog = 0;
		};
		7D138ABA35DDDA1DE55277A0 /* [CP] Copy Pods Resources */ = {
			isa = PBXShellScriptBuildPhase;
			buildActionMask = 2147483647;
			files = (
			);
			inputPaths = (
			);
			name = "[CP] Copy Pods Resources";
			outputPaths = (
			);
			runOnlyForDeploymentPostprocessing = 0;
			shellPath = /bin/sh;
			shellScript = "\"${SRCROOT}/Pods/Target Support Files/Pods-DnDerTests/Pods-DnDerTests-resources.sh\"\n";
			showEnvVarsInLog = 0;
		};
		919C92A0F5D945E3850A4E83 /* [CP] Embed Pods Frameworks */ = {
			isa = PBXShellScriptBuildPhase;
			buildActionMask = 2147483647;
			files = (
			);
			inputPaths = (
			);
			name = "[CP] Embed Pods Frameworks";
			outputPaths = (
			);
			runOnlyForDeploymentPostprocessing = 0;
			shellPath = /bin/sh;
			shellScript = "\"${SRCROOT}/Pods/Target Support Files/Pods-DnDer/Pods-DnDer-frameworks.sh\"\n";
			showEnvVarsInLog = 0;
		};
		DCF3A90F7312FC1F631FBE1F /* [CP] Embed Pods Frameworks */ = {
			isa = PBXShellScriptBuildPhase;
			buildActionMask = 2147483647;
			files = (
			);
			inputPaths = (
			);
			name = "[CP] Embed Pods Frameworks";
			outputPaths = (
			);
			runOnlyForDeploymentPostprocessing = 0;
			shellPath = /bin/sh;
			shellScript = "\"${SRCROOT}/Pods/Target Support Files/Pods-DnDerTests/Pods-DnDerTests-frameworks.sh\"\n";
			showEnvVarsInLog = 0;
		};
		FFA686153F2F099344F52D99 /* [CP] Copy Pods Resources */ = {
			isa = PBXShellScriptBuildPhase;
			buildActionMask = 2147483647;
			files = (
			);
			inputPaths = (
			);
			name = "[CP] Copy Pods Resources";
			outputPaths = (
			);
			runOnlyForDeploymentPostprocessing = 0;
			shellPath = /bin/sh;
			shellScript = "\"${SRCROOT}/Pods/Target Support Files/Pods-DnDer/Pods-DnDer-resources.sh\"\n";
			showEnvVarsInLog = 0;
		};
/* End PBXShellScriptBuildPhase section */

/* Begin PBXSourcesBuildPhase section */
		801E0A351F96A917003B7DA1 /* Sources */ = {
			isa = PBXSourcesBuildPhase;
			buildActionMask = 2147483647;
			files = (
				801E0A3F1F96A917003B7DA1 /* ViewController.swift in Sources */,
				801E0A3D1F96A917003B7DA1 /* AppDelegate.swift in Sources */,
			);
			runOnlyForDeploymentPostprocessing = 0;
		};
		801E0A491F96A917003B7DA1 /* Sources */ = {
			isa = PBXSourcesBuildPhase;
			buildActionMask = 2147483647;
			files = (
				801E0A521F96A917003B7DA1 /* DnDerTests.swift in Sources */,
			);
			runOnlyForDeploymentPostprocessing = 0;
		};
		801E0A541F96A917003B7DA1 /* Sources */ = {
			isa = PBXSourcesBuildPhase;
			buildActionMask = 2147483647;
			files = (
				801E0A5D1F96A917003B7DA1 /* DnDerUITests.swift in Sources */,
			);
			runOnlyForDeploymentPostprocessing = 0;
		};
/* End PBXSourcesBuildPhase section */

/* Begin PBXTargetDependency section */
		801E0A4F1F96A917003B7DA1 /* PBXTargetDependency */ = {
			isa = PBXTargetDependency;
			target = 801E0A381F96A917003B7DA1 /* DnDer */;
			targetProxy = 801E0A4E1F96A917003B7DA1 /* PBXContainerItemProxy */;
		};
		801E0A5A1F96A917003B7DA1 /* PBXTargetDependency */ = {
			isa = PBXTargetDependency;
			target = 801E0A381F96A917003B7DA1 /* DnDer */;
			targetProxy = 801E0A591F96A917003B7DA1 /* PBXContainerItemProxy */;
		};
/* End PBXTargetDependency section */

/* Begin PBXVariantGroup section */
		801E0A401F96A917003B7DA1 /* Main.storyboard */ = {
			isa = PBXVariantGroup;
			children = (
				801E0A411F96A917003B7DA1 /* Base */,
			);
			name = Main.storyboard;
			sourceTree = "<group>";
		};
		801E0A451F96A917003B7DA1 /* LaunchScreen.storyboard */ = {
			isa = PBXVariantGroup;
			children = (
				801E0A461F96A917003B7DA1 /* Base */,
			);
			name = LaunchScreen.storyboard;
			sourceTree = "<group>";
		};
/* End PBXVariantGroup section */

/* Begin XCBuildConfiguration section */
		801E0A5F1F96A917003B7DA1 /* Debug */ = {
			isa = XCBuildConfiguration;
			buildSettings = {
				ALWAYS_SEARCH_USER_PATHS = NO;
				CLANG_ANALYZER_NONNULL = YES;
				CLANG_ANALYZER_NUMBER_OBJECT_CONVERSION = YES_AGGRESSIVE;
				CLANG_CXX_LANGUAGE_STANDARD = "gnu++14";
				CLANG_CXX_LIBRARY = "libc++";
				CLANG_ENABLE_MODULES = YES;
				CLANG_ENABLE_OBJC_ARC = YES;
				CLANG_WARN_BLOCK_CAPTURE_AUTORELEASING = YES;
				CLANG_WARN_BOOL_CONVERSION = YES;
				CLANG_WARN_COMMA = YES;
				CLANG_WARN_CONSTANT_CONVERSION = YES;
				CLANG_WARN_DIRECT_OBJC_ISA_USAGE = YES_ERROR;
				CLANG_WARN_DOCUMENTATION_COMMENTS = YES;
				CLANG_WARN_EMPTY_BODY = YES;
				CLANG_WARN_ENUM_CONVERSION = YES;
				CLANG_WARN_INFINITE_RECURSION = YES;
				CLANG_WARN_INT_CONVERSION = YES;
				CLANG_WARN_NON_LITERAL_NULL_CONVERSION = YES;
				CLANG_WARN_OBJC_LITERAL_CONVERSION = YES;
				CLANG_WARN_OBJC_ROOT_CLASS = YES_ERROR;
				CLANG_WARN_RANGE_LOOP_ANALYSIS = YES;
				CLANG_WARN_STRICT_PROTOTYPES = YES;
				CLANG_WARN_SUSPICIOUS_MOVE = YES;
				CLANG_WARN_UNGUARDED_AVAILABILITY = YES_AGGRESSIVE;
				CLANG_WARN_UNREACHABLE_CODE = YES;
				CLANG_WARN__DUPLICATE_METHOD_MATCH = YES;
				CODE_SIGN_IDENTITY = "iPhone Developer";
				COPY_PHASE_STRIP = NO;
				DEBUG_INFORMATION_FORMAT = dwarf;
				ENABLE_STRICT_OBJC_MSGSEND = YES;
				ENABLE_TESTABILITY = YES;
				GCC_C_LANGUAGE_STANDARD = gnu11;
				GCC_DYNAMIC_NO_PIC = NO;
				GCC_NO_COMMON_BLOCKS = YES;
				GCC_OPTIMIZATION_LEVEL = 0;
				GCC_PREPROCESSOR_DEFINITIONS = (
					"DEBUG=1",
					"$(inherited)",
				);
				GCC_WARN_64_TO_32_BIT_CONVERSION = YES;
				GCC_WARN_ABOUT_RETURN_TYPE = YES_ERROR;
				GCC_WARN_UNDECLARED_SELECTOR = YES;
				GCC_WARN_UNINITIALIZED_AUTOS = YES_AGGRESSIVE;
				GCC_WARN_UNUSED_FUNCTION = YES;
				GCC_WARN_UNUSED_VARIABLE = YES;
				IPHONEOS_DEPLOYMENT_TARGET = 11.0;
				MTL_ENABLE_DEBUG_INFO = YES;
				ONLY_ACTIVE_ARCH = YES;
				SDKROOT = iphoneos;
				SWIFT_ACTIVE_COMPILATION_CONDITIONS = DEBUG;
				SWIFT_OPTIMIZATION_LEVEL = "-Onone";
			};
			name = Debug;
		};
		801E0A601F96A917003B7DA1 /* Release */ = {
			isa = XCBuildConfiguration;
			buildSettings = {
				ALWAYS_SEARCH_USER_PATHS = NO;
				CLANG_ANALYZER_NONNULL = YES;
				CLANG_ANALYZER_NUMBER_OBJECT_CONVERSION = YES_AGGRESSIVE;
				CLANG_CXX_LANGUAGE_STANDARD = "gnu++14";
				CLANG_CXX_LIBRARY = "libc++";
				CLANG_ENABLE_MODULES = YES;
				CLANG_ENABLE_OBJC_ARC = YES;
				CLANG_WARN_BLOCK_CAPTURE_AUTORELEASING = YES;
				CLANG_WARN_BOOL_CONVERSION = YES;
				CLANG_WARN_COMMA = YES;
				CLANG_WARN_CONSTANT_CONVERSION = YES;
				CLANG_WARN_DIRECT_OBJC_ISA_USAGE = YES_ERROR;
				CLANG_WARN_DOCUMENTATION_COMMENTS = YES;
				CLANG_WARN_EMPTY_BODY = YES;
				CLANG_WARN_ENUM_CONVERSION = YES;
				CLANG_WARN_INFINITE_RECURSION = YES;
				CLANG_WARN_INT_CONVERSION = YES;
				CLANG_WARN_NON_LITERAL_NULL_CONVERSION = YES;
				CLANG_WARN_OBJC_LITERAL_CONVERSION = YES;
				CLANG_WARN_OBJC_ROOT_CLASS = YES_ERROR;
				CLANG_WARN_RANGE_LOOP_ANALYSIS = YES;
				CLANG_WARN_STRICT_PROTOTYPES = YES;
				CLANG_WARN_SUSPICIOUS_MOVE = YES;
				CLANG_WARN_UNGUARDED_AVAILABILITY = YES_AGGRESSIVE;
				CLANG_WARN_UNREACHABLE_CODE = YES;
				CLANG_WARN__DUPLICATE_METHOD_MATCH = YES;
				CODE_SIGN_IDENTITY = "iPhone Developer";
				COPY_PHASE_STRIP = NO;
				DEBUG_INFORMATION_FORMAT = "dwarf-with-dsym";
				ENABLE_NS_ASSERTIONS = NO;
				ENABLE_STRICT_OBJC_MSGSEND = YES;
				GCC_C_LANGUAGE_STANDARD = gnu11;
				GCC_NO_COMMON_BLOCKS = YES;
				GCC_WARN_64_TO_32_BIT_CONVERSION = YES;
				GCC_WARN_ABOUT_RETURN_TYPE = YES_ERROR;
				GCC_WARN_UNDECLARED_SELECTOR = YES;
				GCC_WARN_UNINITIALIZED_AUTOS = YES_AGGRESSIVE;
				GCC_WARN_UNUSED_FUNCTION = YES;
				GCC_WARN_UNUSED_VARIABLE = YES;
				IPHONEOS_DEPLOYMENT_TARGET = 11.0;
				MTL_ENABLE_DEBUG_INFO = NO;
				SDKROOT = iphoneos;
				SWIFT_OPTIMIZATION_LEVEL = "-Owholemodule";
				VALIDATE_PRODUCT = YES;
			};
			name = Release;
		};
		801E0A621F96A917003B7DA1 /* Debug */ = {
			isa = XCBuildConfiguration;
			baseConfigurationReference = F06B0B0FB439B0AA199DDD19 /* Pods-DnDer.debug.xcconfig */;
			buildSettings = {
				ASSETCATALOG_COMPILER_APPICON_NAME = AppIcon;
				CODE_SIGN_STYLE = Automatic;
				DEVELOPMENT_TEAM = XY6X4PPGP7;
				INFOPLIST_FILE = DnDer/Info.plist;
				LD_RUNPATH_SEARCH_PATHS = "$(inherited) @executable_path/Frameworks";
				PRODUCT_BUNDLE_IDENTIFIER = com.udig.DnDer;
				PRODUCT_NAME = "$(TARGET_NAME)";
				SWIFT_VERSION = 4.0;
				TARGETED_DEVICE_FAMILY = "1,2";
			};
			name = Debug;
		};
		801E0A631F96A917003B7DA1 /* Release */ = {
			isa = XCBuildConfiguration;
			baseConfigurationReference = 5A8664E5FB9E653135CFDCB0 /* Pods-DnDer.release.xcconfig */;
			buildSettings = {
				ASSETCATALOG_COMPILER_APPICON_NAME = AppIcon;
				CODE_SIGN_STYLE = Automatic;
				DEVELOPMENT_TEAM = XY6X4PPGP7;
				INFOPLIST_FILE = DnDer/Info.plist;
				LD_RUNPATH_SEARCH_PATHS = "$(inherited) @executable_path/Frameworks";
				PRODUCT_BUNDLE_IDENTIFIER = com.udig.DnDer;
				PRODUCT_NAME = "$(TARGET_NAME)";
				SWIFT_VERSION = 4.0;
				TARGETED_DEVICE_FAMILY = "1,2";
			};
			name = Release;
		};
		801E0A651F96A917003B7DA1 /* Debug */ = {
			isa = XCBuildConfiguration;
			baseConfigurationReference = 5B9535766554AA642978FD40 /* Pods-DnDerTests.debug.xcconfig */;
			buildSettings = {
				ALWAYS_EMBED_SWIFT_STANDARD_LIBRARIES = YES;
				BUNDLE_LOADER = "$(TEST_HOST)";
				CODE_SIGN_STYLE = Automatic;
				DEVELOPMENT_TEAM = XY6X4PPGP7;
				INFOPLIST_FILE = DnDerTests/Info.plist;
				LD_RUNPATH_SEARCH_PATHS = "$(inherited) @executable_path/Frameworks @loader_path/Frameworks";
				PRODUCT_BUNDLE_IDENTIFIER = com.udig.DnDerTests;
				PRODUCT_NAME = "$(TARGET_NAME)";
				SWIFT_VERSION = 4.0;
				TARGETED_DEVICE_FAMILY = "1,2";
				TEST_HOST = "$(BUILT_PRODUCTS_DIR)/DnDer.app/DnDer";
			};
			name = Debug;
		};
		801E0A661F96A917003B7DA1 /* Release */ = {
			isa = XCBuildConfiguration;
			baseConfigurationReference = 0A8F740D69026B180602BB00 /* Pods-DnDerTests.release.xcconfig */;
			buildSettings = {
				ALWAYS_EMBED_SWIFT_STANDARD_LIBRARIES = YES;
				BUNDLE_LOADER = "$(TEST_HOST)";
				CODE_SIGN_STYLE = Automatic;
				DEVELOPMENT_TEAM = XY6X4PPGP7;
				INFOPLIST_FILE = DnDerTests/Info.plist;
				LD_RUNPATH_SEARCH_PATHS = "$(inherited) @executable_path/Frameworks @loader_path/Frameworks";
				PRODUCT_BUNDLE_IDENTIFIER = com.udig.DnDerTests;
				PRODUCT_NAME = "$(TARGET_NAME)";
				SWIFT_VERSION = 4.0;
				TARGETED_DEVICE_FAMILY = "1,2";
				TEST_HOST = "$(BUILT_PRODUCTS_DIR)/DnDer.app/DnDer";
			};
			name = Release;
		};
		801E0A681F96A917003B7DA1 /* Debug */ = {
			isa = XCBuildConfiguration;
			baseConfigurationReference = 4DF59A832CEF7AB9B132B396 /* Pods-DnDerUITests.debug.xcconfig */;
			buildSettings = {
				ALWAYS_EMBED_SWIFT_STANDARD_LIBRARIES = YES;
				CODE_SIGN_STYLE = Automatic;
				DEVELOPMENT_TEAM = XY6X4PPGP7;
				INFOPLIST_FILE = DnDerUITests/Info.plist;
				LD_RUNPATH_SEARCH_PATHS = "$(inherited) @executable_path/Frameworks @loader_path/Frameworks";
				PRODUCT_BUNDLE_IDENTIFIER = com.udig.DnDerUITests;
				PRODUCT_NAME = "$(TARGET_NAME)";
				SWIFT_VERSION = 4.0;
				TARGETED_DEVICE_FAMILY = "1,2";
				TEST_TARGET_NAME = DnDer;
			};
			name = Debug;
		};
		801E0A691F96A917003B7DA1 /* Release */ = {
			isa = XCBuildConfiguration;
			baseConfigurationReference = 83C874392E8C202DFC687E4A /* Pods-DnDerUITests.release.xcconfig */;
			buildSettings = {
				ALWAYS_EMBED_SWIFT_STANDARD_LIBRARIES = YES;
				CODE_SIGN_STYLE = Automatic;
				DEVELOPMENT_TEAM = XY6X4PPGP7;
				INFOPLIST_FILE = DnDerUITests/Info.plist;
				LD_RUNPATH_SEARCH_PATHS = "$(inherited) @executable_path/Frameworks @loader_path/Frameworks";
				PRODUCT_BUNDLE_IDENTIFIER = com.udig.DnDerUITests;
				PRODUCT_NAME = "$(TARGET_NAME)";
				SWIFT_VERSION = 4.0;
				TARGETED_DEVICE_FAMILY = "1,2";
				TEST_TARGET_NAME = DnDer;
			};
			name = Release;
		};
/* End XCBuildConfiguration section */

/* Begin XCConfigurationList section */
		801E0A341F96A917003B7DA1 /* Build configuration list for PBXProject "DnDer" */ = {
			isa = XCConfigurationList;
			buildConfigurations = (
				801E0A5F1F96A917003B7DA1 /* Debug */,
				801E0A601F96A917003B7DA1 /* Release */,
			);
			defaultConfigurationIsVisible = 0;
			defaultConfigurationName = Release;
		};
		801E0A611F96A917003B7DA1 /* Build configuration list for PBXNativeTarget "DnDer" */ = {
			isa = XCConfigurationList;
			buildConfigurations = (
				801E0A621F96A917003B7DA1 /* Debug */,
				801E0A631F96A917003B7DA1 /* Release */,
			);
			defaultConfigurationIsVisible = 0;
			defaultConfigurationName = Release;
		};
		801E0A641F96A917003B7DA1 /* Build configuration list for PBXNativeTarget "DnDerTests" */ = {
			isa = XCConfigurationList;
			buildConfigurations = (
				801E0A651F96A917003B7DA1 /* Debug */,
				801E0A661F96A917003B7DA1 /* Release */,
			);
			defaultConfigurationIsVisible = 0;
			defaultConfigurationName = Release;
		};
		801E0A671F96A917003B7DA1 /* Build configuration list for PBXNativeTarget "DnDerUITests" */ = {
			isa = XCConfigurationList;
			buildConfigurations = (
				801E0A681F96A917003B7DA1 /* Debug */,
				801E0A691F96A917003B7DA1 /* Release */,
			);
			defaultConfigurationIsVisible = 0;
			defaultConfigurationName = Release;
		};
/* End XCConfigurationList section */
	};
	rootObject = 801E0A311F96A917003B7DA1 /* Project object */;
}
